# generated by rye
# use `rye lock` or `rye sync` to update this lockfile
#
# last locked with the following flags:
#   pre: false
#   features: []
#   all-features: false
#   with-sources: false
#   generate-hashes: false

-e file:.
contourpy==1.2.1
    # via matplotlib
cycler==0.12.1
    # via matplotlib
duckdb==1.0.0
    # via glam
fonttools==4.53.1
    # via matplotlib
joblib==1.4.2
    # via scikit-learn
kiwisolver==1.4.5
    # via matplotlib
matplotlib==3.9.2
    # via glam
numpy==2.1.1
    # via contourpy
    # via matplotlib
    # via pandas
    # via patsy
    # via pyarrow
    # via scikit-learn
    # via scipy
    # via statsmodels
packaging==24.1
    # via matplotlib
    # via plotly
    # via statsmodels
pandas==2.2.2
    # via glam
    # via statsmodels
patsy==0.5.6
    # via statsmodels
pillow==10.4.0
    # via matplotlib
plotly==5.23.0
    # via glam
polars==1.6.0
    # via glam
pyarrow==17.0.0
    # via glam
pyparsing==3.1.2
    # via matplotlib
python-dateutil==2.9.0.post0
    # via matplotlib
    # via pandas
pytz==2024.1
    # via pandas
scikit-learn==1.5.1
    # via glam
scipy==1.14.0
    # via glam
    # via scikit-learn
    # via statsmodels
six==1.16.0
    # via patsy
    # via python-dateutil
statsmodels==0.14.2
    # via glam
tenacity==9.0.0
    # via plotly
threadpoolctl==3.5.0
    # via scikit-learn
tzdata==2024.1
    # via pandas
