# generated by rye
# use `rye lock` or `rye sync` to update this lockfile
#
# last locked with the following flags:
#   pre: false
#   features: []
#   all-features: false
#   with-sources: false
#   generate-hashes: false

-e file:.
duckdb==1.0.0
    # via glam
joblib==1.4.2
    # via scikit-learn
numpy==2.1.0
    # via pandas
    # via patsy
    # via scikit-learn
    # via scipy
    # via statsmodels
packaging==24.1
    # via plotly
    # via statsmodels
pandas==2.2.2
    # via glam
    # via statsmodels
patsy==0.5.6
    # via statsmodels
plotly==5.23.0
    # via glam
polars==1.5.0
    # via glam
python-dateutil==2.9.0.post0
    # via pandas
pytz==2024.1
    # via pandas
scikit-learn==1.5.1
    # via glam
scipy==1.14.0
    # via scikit-learn
    # via statsmodels
six==1.16.0
    # via patsy
    # via python-dateutil
statsmodels==0.14.2
    # via glam
tenacity==9.0.0
    # via plotly
threadpoolctl==3.5.0
    # via scikit-learn
tzdata==2024.1
    # via pandas
